
Microsoft Visual Studio Solution File, Format Version 12.00
# Visual Studio Version 16
VisualStudioVersion = 16.0.30717.126
MinimumVisualStudioVersion = 10.0.40219.1
Project("{FAE04EC0-301F-11D3-BF4B-00C04F79EFBC}") = "ConsoleApp1", "ConsoleApp1\ConsoleApp1.csproj", "{3448863E-27F3-45F2-845F-12BF89804EAA}"
EndProject
Project("{FAE04EC0-301F-11D3-BF4B-00C04F79EFBC}") = "WebApplication1", "WebApplication1\WebApplication1.csproj", "{DA181A86-78AC-437E-A654-FC2DE95A6DF6}"
EndProject
Global
	GlobalSection(SolutionConfigurationPlatforms) = preSolution
		Debug|Any CPU = Debug|Any CPU
		Release|Any CPU = Release|Any CPU
	EndGlobalSection
	GlobalSection(ProjectConfigurationPlatforms) = postSolution
		{3448863E-27F3-45F2-845F-12BF89804EAA}.Debug|Any CPU.ActiveCfg = Debug|Any CPU
		{3448863E-27F3-45F2-845F-12BF89804EAA}.Debug|Any CPU.Build.0 = Debug|Any CPU
		{3448863E-27F3-45F2-845F-12BF89804EAA}.Release|Any CPU.ActiveCfg = Release|Any CPU
		{3448863E-27F3-45F2-845F-12BF89804EAA}.Release|Any CPU.Build.0 = Release|Any CPU
		{DA181A86-78AC-437E-A654-FC2DE95A6DF6}.Debug|Any CPU.ActiveCfg = Debug|Any CPU
		{DA181A86-78AC-437E-A654-FC2DE95A6DF6}.Debug|Any CPU.Build.0 = Debug|Any CPU
		{DA181A86-78AC-437E-A654-FC2DE95A6DF6}.Release|Any CPU.ActiveCfg = Release|Any CPU
		{DA181A86-78AC-437E-A654-FC2DE95A6DF6}.Release|Any CPU.Build.0 = Release|Any CPU
	EndGlobalSection
	GlobalSection(SolutionProperties) = preSolution
		HideSolutionNode = FALSE
	EndGlobalSection
	GlobalSection(ExtensibilityGlobals) = postSolution
		SolutionGuid = {66F6A888-FA0C-4694-A627-8C3C0843B36A}
	EndGlobalSection
EndGlobal
